
Microsoft Visual Studio Solution File, Format Version 12.00
# Visual Studio Version 17
VisualStudioVersion = 17.0.32112.339
MinimumVisualStudioVersion = 10.0.40219.1
Project("{FAE04EC0-301F-11D3-BF4B-00C04F79EFBC}") = "COM3D2.ColorPaletteHelper.Plugin", "COM3D2.ColorPaletteHelper.Plugin\COM3D2.ColorPaletteHelper.Plugin.csproj", "{5F23E226-6337-4B98-9094-5A87FF88E731}"
EndProject
Project("{2150E333-8FDC-42A3-9474-1A3956D46DE8}") = "Solution Items", "Solution Items", "{097A1B0E-7D28-4CC0-AE88-E8966DF0A53D}"
	ProjectSection(SolutionItems) = preProject
		readme.md = readme.md
	EndProjectSection
EndProject
Global
	GlobalSection(SolutionConfigurationPlatforms) = preSolution
		Debug|Any CPU = Debug|Any CPU
		Release|Any CPU = Release|Any CPU
	EndGlobalSection
	GlobalSection(ProjectConfigurationPlatforms) = postSolution
		{5F23E226-6337-4B98-9094-5A87FF88E731}.Debug|Any CPU.ActiveCfg = Debug|Any CPU
		{5F23E226-6337-4B98-9094-5A87FF88E731}.Debug|Any CPU.Build.0 = Debug|Any CPU
		{5F23E226-6337-4B98-9094-5A87FF88E731}.Release|Any CPU.ActiveCfg = Release|Any CPU
		{5F23E226-6337-4B98-9094-5A87FF88E731}.Release|Any CPU.Build.0 = Release|Any CPU
	EndGlobalSection
	GlobalSection(SolutionProperties) = preSolution
		HideSolutionNode = FALSE
	EndGlobalSection
	GlobalSection(ExtensibilityGlobals) = postSolution
		SolutionGuid = {77CF3361-37FB-491D-94D9-8DB39FE122D5}
	EndGlobalSection
EndGlobal
